
Microsoft Visual Studio Solution File, Format Version 12.00
# Visual Studio Version 17
VisualStudioVersion = 17.2.32516.85
MinimumVisualStudioVersion = 10.0.40219.1
Project("{FAE04EC0-301F-11D3-BF4B-00C04F79EFBC}") = "SurveyApp", "SurveyApp\SurveyApp.csproj", "{F70C8877-378E-4FF8-B1EC-2F3190A04648}"
EndProject
Global
	GlobalSection(SolutionConfigurationPlatforms) = preSolution
		Debug|Any CPU = Debug|Any CPU
		Release|Any CPU = Release|Any CPU
	EndGlobalSection
	GlobalSection(ProjectConfigurationPlatforms) = postSolution
		{F70C8877-378E-4FF8-B1EC-2F3190A04648}.Debug|Any CPU.ActiveCfg = Debug|Any CPU
		{F70C8877-378E-4FF8-B1EC-2F3190A04648}.Debug|Any CPU.Build.0 = Debug|Any CPU
		{F70C8877-378E-4FF8-B1EC-2F3190A04648}.Release|Any CPU.ActiveCfg = Release|Any CPU
		{F70C8877-378E-4FF8-B1EC-2F3190A04648}.Release|Any CPU.Build.0 = Release|Any CPU
	EndGlobalSection
	GlobalSection(SolutionProperties) = preSolution
		HideSolutionNode = FALSE
	EndGlobalSection
	GlobalSection(ExtensibilityGlobals) = postSolution
		SolutionGuid = {F2A8A12B-9917-49E2-A42C-DF8BE639C66C}
	EndGlobalSection
EndGlobal
